
Microsoft Visual Studio Solution File, Format Version 12.00
# Visual Studio Version 17
VisualStudioVersion = 17.6.33717.318
MinimumVisualStudioVersion = 10.0.40219.1
Project("{F184B08F-C81C-45F6-A57F-5ABD9991F28F}") = "WinFormsApp1", "WinFormsApp1.vbproj", "{834A565A-C682-4D6B-97C7-6563B151445A}"
EndProject
Global
	GlobalSection(SolutionConfigurationPlatforms) = preSolution
		Debug|Any CPU = Debug|Any CPU
		Release|Any CPU = Release|Any CPU
	EndGlobalSection
	GlobalSection(ProjectConfigurationPlatforms) = postSolution
		{834A565A-C682-4D6B-97C7-6563B151445A}.Debug|Any CPU.ActiveCfg = Debug|Any CPU
		{834A565A-C682-4D6B-97C7-6563B151445A}.Debug|Any CPU.Build.0 = Debug|Any CPU
		{834A565A-C682-4D6B-97C7-6563B151445A}.Release|Any CPU.ActiveCfg = Release|Any CPU
		{834A565A-C682-4D6B-97C7-6563B151445A}.Release|Any CPU.Build.0 = Release|Any CPU
	EndGlobalSection
	GlobalSection(SolutionProperties) = preSolution
		HideSolutionNode = FALSE
	EndGlobalSection
	GlobalSection(ExtensibilityGlobals) = postSolution
		SolutionGuid = {79116273-10A2-48DD-B040-9E706345FBD4}
	EndGlobalSection
EndGlobal
